
Microsoft Visual Studio Solution File, Format Version 12.00
# Visual Studio Version 17
VisualStudioVersion = 17.0.31903.59
MinimumVisualStudioVersion = 10.0.40219.1
Project("{FAE04EC0-301F-11D3-BF4B-00C04F79EFBC}") = "DELASALLE.PRACTICA1.Core", "DELASALLE.PRACTICA1.Core\DELASALLE.PRACTICA1.Core.csproj", "{2887F845-8388-43E4-9F90-165086412A4E}"
EndProject
Project("{FAE04EC0-301F-11D3-BF4B-00C04F79EFBC}") = "DELASALLE.PRACTICA1.App", "DELASALLE.PRACTICA1.App\DELASALLE.PRACTICA1.App.csproj", "{17C5A7C0-4A9A-46CE-9477-8143E2D3C6ED}"
EndProject
Global
	GlobalSection(SolutionConfigurationPlatforms) = preSolution
		Debug|Any CPU = Debug|Any CPU
		Release|Any CPU = Release|Any CPU
	EndGlobalSection
	GlobalSection(SolutionProperties) = preSolution
		HideSolutionNode = FALSE
	EndGlobalSection
	GlobalSection(ProjectConfigurationPlatforms) = postSolution
		{2887F845-8388-43E4-9F90-165086412A4E}.Debug|Any CPU.ActiveCfg = Debug|Any CPU
		{2887F845-8388-43E4-9F90-165086412A4E}.Debug|Any CPU.Build.0 = Debug|Any CPU
		{2887F845-8388-43E4-9F90-165086412A4E}.Release|Any CPU.ActiveCfg = Release|Any CPU
		{2887F845-8388-43E4-9F90-165086412A4E}.Release|Any CPU.Build.0 = Release|Any CPU
		{17C5A7C0-4A9A-46CE-9477-8143E2D3C6ED}.Debug|Any CPU.ActiveCfg = Debug|Any CPU
		{17C5A7C0-4A9A-46CE-9477-8143E2D3C6ED}.Debug|Any CPU.Build.0 = Debug|Any CPU
		{17C5A7C0-4A9A-46CE-9477-8143E2D3C6ED}.Release|Any CPU.ActiveCfg = Release|Any CPU
		{17C5A7C0-4A9A-46CE-9477-8143E2D3C6ED}.Release|Any CPU.Build.0 = Release|Any CPU
	EndGlobalSection
EndGlobal
